
Microsoft Visual Studio Solution File, Format Version 12.00
# Visual Studio 15
VisualStudioVersion = 15.0.27703.2035
MinimumVisualStudioVersion = 10.0.40219.1
Project("{FAE04EC0-301F-11D3-BF4B-00C04F79EFBC}") = "lab-2-zeytunyan", "lab-2-zeytunyan.csproj", "{7F10D46D-3ADD-4E9B-B57D-B53EEB883701}"
EndProject
Global
	GlobalSection(SolutionConfigurationPlatforms) = preSolution
		Debug|x86 = Debug|x86
		Release|x86 = Release|x86
	EndGlobalSection
	GlobalSection(ProjectConfigurationPlatforms) = postSolution
		{7F10D46D-3ADD-4E9B-B57D-B53EEB883701}.Debug|x86.ActiveCfg = Debug|x86
		{7F10D46D-3ADD-4E9B-B57D-B53EEB883701}.Debug|x86.Build.0 = Debug|x86
		{7F10D46D-3ADD-4E9B-B57D-B53EEB883701}.Release|x86.ActiveCfg = Release|x86
		{7F10D46D-3ADD-4E9B-B57D-B53EEB883701}.Release|x86.Build.0 = Release|x86
	EndGlobalSection
	GlobalSection(SolutionProperties) = preSolution
		HideSolutionNode = FALSE
	EndGlobalSection
	GlobalSection(ExtensibilityGlobals) = postSolution
		SolutionGuid = {62443336-B9D9-4FDE-814F-2253F919E891}
	EndGlobalSection
EndGlobal
